
Microsoft Visual Studio Solution File, Format Version 12.00
# Visual Studio Version 16
VisualStudioVersion = 16.0.30104.148
MinimumVisualStudioVersion = 10.0.40219.1
Project("{9A19103F-16F7-4668-BE54-9A1E7A4F7556}") = "Ecommerce.Api.Products", "Ecommerce.Api.Products\Ecommerce.Api.Products.csproj", "{25937524-A044-477D-8A22-E449482B5D10}"
EndProject
Project("{9A19103F-16F7-4668-BE54-9A1E7A4F7556}") = "Ecommerce.Api.Customers", "Ecommerce.Api.Customers\Ecommerce.Api.Customers.csproj", "{FF841115-A60E-4442-A52D-8C4CB7C2087D}"
EndProject
Project("{9A19103F-16F7-4668-BE54-9A1E7A4F7556}") = "Ecommerce.Api.Orders", "Ecommerce.Api.Orders\Ecommerce.Api.Orders.csproj", "{7C88FF14-3F6C-4F1D-BB22-ABFBF4AE7018}"
EndProject
Project("{9A19103F-16F7-4668-BE54-9A1E7A4F7556}") = "Ecommerce.Api.Products.Tests", "Ecommerce.Api.Products.Tests\Ecommerce.Api.Products.Tests.csproj", "{BCC4A0C4-0B1D-4711-9765-59F9B92F5ED7}"
EndProject
Project("{9A19103F-16F7-4668-BE54-9A1E7A4F7556}") = "Ecommerce.Api.Search", "Ecommerce.Api.Search\Ecommerce.Api.Search.csproj", "{8D2FDD89-B474-4185-A7B5-EB89B0DFB0D9}"
EndProject
Project("{E53339B2-1760-4266-BCC7-CA923CBCF16C}") = "docker-compose", "docker-compose.dcproj", "{BA47A9AA-4EE7-4055-84C5-EECFFE7D8CBA}"
EndProject
Global
	GlobalSection(SolutionConfigurationPlatforms) = preSolution
		Debug|Any CPU = Debug|Any CPU
		Release|Any CPU = Release|Any CPU
	EndGlobalSection
	GlobalSection(ProjectConfigurationPlatforms) = postSolution
		{25937524-A044-477D-8A22-E449482B5D10}.Debug|Any CPU.ActiveCfg = Debug|Any CPU
		{25937524-A044-477D-8A22-E449482B5D10}.Debug|Any CPU.Build.0 = Debug|Any CPU
		{25937524-A044-477D-8A22-E449482B5D10}.Release|Any CPU.ActiveCfg = Release|Any CPU
		{25937524-A044-477D-8A22-E449482B5D10}.Release|Any CPU.Build.0 = Release|Any CPU
		{FF841115-A60E-4442-A52D-8C4CB7C2087D}.Debug|Any CPU.ActiveCfg = Debug|Any CPU
		{FF841115-A60E-4442-A52D-8C4CB7C2087D}.Debug|Any CPU.Build.0 = Debug|Any CPU
		{FF841115-A60E-4442-A52D-8C4CB7C2087D}.Release|Any CPU.ActiveCfg = Release|Any CPU
		{FF841115-A60E-4442-A52D-8C4CB7C2087D}.Release|Any CPU.Build.0 = Release|Any CPU
		{7C88FF14-3F6C-4F1D-BB22-ABFBF4AE7018}.Debug|Any CPU.ActiveCfg = Debug|Any CPU
		{7C88FF14-3F6C-4F1D-BB22-ABFBF4AE7018}.Debug|Any CPU.Build.0 = Debug|Any CPU
		{7C88FF14-3F6C-4F1D-BB22-ABFBF4AE7018}.Release|Any CPU.ActiveCfg = Release|Any CPU
		{7C88FF14-3F6C-4F1D-BB22-ABFBF4AE7018}.Release|Any CPU.Build.0 = Release|Any CPU
		{BCC4A0C4-0B1D-4711-9765-59F9B92F5ED7}.Debug|Any CPU.ActiveCfg = Debug|Any CPU
		{BCC4A0C4-0B1D-4711-9765-59F9B92F5ED7}.Debug|Any CPU.Build.0 = Debug|Any CPU
		{BCC4A0C4-0B1D-4711-9765-59F9B92F5ED7}.Release|Any CPU.ActiveCfg = Release|Any CPU
		{BCC4A0C4-0B1D-4711-9765-59F9B92F5ED7}.Release|Any CPU.Build.0 = Release|Any CPU
		{8D2FDD89-B474-4185-A7B5-EB89B0DFB0D9}.Debug|Any CPU.ActiveCfg = Debug|Any CPU
		{8D2FDD89-B474-4185-A7B5-EB89B0DFB0D9}.Debug|Any CPU.Build.0 = Debug|Any CPU
		{8D2FDD89-B474-4185-A7B5-EB89B0DFB0D9}.Release|Any CPU.ActiveCfg = Release|Any CPU
		{8D2FDD89-B474-4185-A7B5-EB89B0DFB0D9}.Release|Any CPU.Build.0 = Release|Any CPU
		{BA47A9AA-4EE7-4055-84C5-EECFFE7D8CBA}.Debug|Any CPU.ActiveCfg = Debug|Any CPU
		{BA47A9AA-4EE7-4055-84C5-EECFFE7D8CBA}.Debug|Any CPU.Build.0 = Debug|Any CPU
		{BA47A9AA-4EE7-4055-84C5-EECFFE7D8CBA}.Release|Any CPU.ActiveCfg = Release|Any CPU
		{BA47A9AA-4EE7-4055-84C5-EECFFE7D8CBA}.Release|Any CPU.Build.0 = Release|Any CPU
	EndGlobalSection
	GlobalSection(SolutionProperties) = preSolution
		HideSolutionNode = FALSE
	EndGlobalSection
	GlobalSection(ExtensibilityGlobals) = postSolution
		SolutionGuid = {B0A97EBE-8871-4B41-AF0C-50FDDF706973}
	EndGlobalSection
EndGlobal
